
Microsoft Visual Studio Solution File, Format Version 12.00
# Visual Studio Version 16
VisualStudioVersion = 16.0.34301.259
MinimumVisualStudioVersion = 10.0.40219.1
Project("{FAE04EC0-301F-11D3-BF4B-00C04F79EFBC}") = "consultorio", "consultorio\consultorio.csproj", "{4A26F047-8375-4165-958A-0583E0AEA37D}"
EndProject
Global
	GlobalSection(SolutionConfigurationPlatforms) = preSolution
		Debug|Any CPU = Debug|Any CPU
		Release|Any CPU = Release|Any CPU
	EndGlobalSection
	GlobalSection(ProjectConfigurationPlatforms) = postSolution
		{4A26F047-8375-4165-958A-0583E0AEA37D}.Debug|Any CPU.ActiveCfg = Debug|Any CPU
		{4A26F047-8375-4165-958A-0583E0AEA37D}.Debug|Any CPU.Build.0 = Debug|Any CPU
		{4A26F047-8375-4165-958A-0583E0AEA37D}.Release|Any CPU.ActiveCfg = Release|Any CPU
		{4A26F047-8375-4165-958A-0583E0AEA37D}.Release|Any CPU.Build.0 = Release|Any CPU
	EndGlobalSection
	GlobalSection(SolutionProperties) = preSolution
		HideSolutionNode = FALSE
	EndGlobalSection
	GlobalSection(ExtensibilityGlobals) = postSolution
		SolutionGuid = {B03ABD8B-E5FD-4589-AA8D-E376706A0D13}
	EndGlobalSection
EndGlobal
